// !$*UTF8*$!
{
	archiveVersion = 1;
	classes = {
	};
	objectVersion = 46;
	objects = {

/* Begin PBXBuildFile section */
		61BA70D81ED856AA001094D6 /* UserModel.swift in Sources */ = {isa = PBXBuildFile; fileRef = 61BA70D71ED856AA001094D6 /* UserModel.swift */; };
		61BA70DA1ED9C862001094D6 /* UserExtension.swift in Sources */ = {isa = PBXBuildFile; fileRef = 61BA70D91ED9C862001094D6 /* UserExtension.swift */; };
		61E61B491ED8467B003E92FB /* AppDelegate.swift in Sources */ = {isa = PBXBuildFile; fileRef = 61E61B481ED8467B003E92FB /* AppDelegate.swift */; };
		61E61B4B1ED8467B003E92FB /* ViewController.swift in Sources */ = {isa = PBXBuildFile; fileRef = 61E61B4A1ED8467B003E92FB /* ViewController.swift */; };
		61E61B4E1ED8467B003E92FB /* Main.storyboard in Resources */ = {isa = PBXBuildFile; fileRef = 61E61B4C1ED8467B003E92FB /* Main.storyboard */; };
		61E61B501ED8467B003E92FB /* Assets.xcassets in Resources */ = {isa = PBXBuildFile; fileRef = 61E61B4F1ED8467B003E92FB /* Assets.xcassets */; };
		61E61B531ED8467B003E92FB /* LaunchScreen.storyboard in Resources */ = {isa = PBXBuildFile; fileRef = 61E61B511ED8467B003E92FB /* LaunchScreen.storyboard */; };
/* End PBXBuildFile section */

/* Begin PBXFileReference section */
		61BA70D71ED856AA001094D6 /* UserModel.swift */ = {isa = PBXFileReference; fileEncoding = 4; lastKnownFileType = sourcecode.swift; path = UserModel.swift; sourceTree = "<group>"; };
		61BA70D91ED9C862001094D6 /* UserExtension.swift */ = {isa = PBXFileReference; fileEncoding = 4; lastKnownFileType = sourcecode.swift; path = UserExtension.swift; sourceTree = "<group>"; };
		61E61B451ED8467B003E92FB /* User Phone Number.app */ = {isa = PBXFileReference; explicitFileType = wrapper.application; includeInIndex = 0; path = "User Phone Number.app"; sourceTree = BUILT_PRODUCTS_DIR; };
		61E61B481ED8467B003E92FB /* AppDelegate.swift */ = {isa = PBXFileReference; lastKnownFileType = sourcecode.swift; path = AppDelegate.swift; sourceTree = "<group>"; };
		61E61B4A1ED8467B003E92FB /* ViewController.swift */ = {isa = PBXFileReference; lastKnownFileType = sourcecode.swift; path = ViewController.swift; sourceTree = "<group>"; };
		61E61B4D1ED8467B003E92FB /* Base */ = {isa = PBXFileReference; lastKnownFileType = file.storyboard; name = Base; path = Base.lproj/Main.storyboard; sourceTree = "<group>"; };
		61E61B4F1ED8467B003E92FB /* Assets.xcassets */ = {isa = PBXFileReference; lastKnownFileType = folder.assetcatalog; path = Assets.xcassets; sourceTree = "<group>"; };
		61E61B521ED8467B003E92FB /* Base */ = {isa = PBXFileReference; lastKnownFileType = file.storyboard; name = Base; path = Base.lproj/LaunchScreen.storyboard; sourceTree = "<group>"; };
		61E61B541ED8467B003E92FB /* Info.plist */ = {isa = PBXFileReference; lastKnownFileType = text.plist.xml; path = Info.plist; sourceTree = "<group>"; };
/* End PBXFileReference section */

/* Begin PBXFrameworksBuildPhase section */
		61E61B421ED8467B003E92FB /* Frameworks */ = {
			isa = PBXFrameworksBuildPhase;
			buildActionMask = 2147483647;
			files = (
			);
			runOnlyForDeploymentPostprocessing = 0;
		};
/* End PBXFrameworksBuildPhase section */

/* Begin PBXGroup section */
		61BA70DB1ED9CACA001094D6 /* actions */ = {
			isa = PBXGroup;
			children = (
				61BA70DC1ED9CAE6001094D6 /* user */,
			);
			name = actions;
			sourceTree = "<group>";
		};
		61BA70DC1ED9CAE6001094D6 /* user */ = {
			isa = PBXGroup;
			children = (
				61BA70D91ED9C862001094D6 /* UserExtension.swift */,
			);
			name = user;
			sourceTree = "<group>";
		};
		61E61B3C1ED8467B003E92FB = {
			isa = PBXGroup;
			children = (
				61E61B471ED8467B003E92FB /* User Phone Number */,
				61E61B461ED8467B003E92FB /* Products */,
			);
			sourceTree = "<group>";
		};
		61E61B461ED8467B003E92FB /* Products */ = {
			isa = PBXGroup;
			children = (
				61E61B451ED8467B003E92FB /* User Phone Number.app */,
			);
			name = Products;
			sourceTree = "<group>";
		};
		61E61B471ED8467B003E92FB /* User Phone Number */ = {
			isa = PBXGroup;
			children = (
				61BA70DB1ED9CACA001094D6 /* actions */,
				61E61B481ED8467B003E92FB /* AppDelegate.swift */,
				61E61B4A1ED8467B003E92FB /* ViewController.swift */,
				61E61B4C1ED8467B003E92FB /* Main.storyboard */,
				61E61B4F1ED8467B003E92FB /* Assets.xcassets */,
				61E61B511ED8467B003E92FB /* LaunchScreen.storyboard */,
				61E61B541ED8467B003E92FB /* Info.plist */,
				61BA70D71ED856AA001094D6 /* UserModel.swift */,
			);
			path = "User Phone Number";
			sourceTree = "<group>";
		};
/* End PBXGroup section */

/* Begin PBXNativeTarget section */
		61E61B441ED8467B003E92FB /* User Phone Number */ = {
			isa = PBXNativeTarget;
			buildConfigurationList = 61E61B571ED8467B003E92FB /* Build configuration list for PBXNativeTarget "User Phone Number" */;
			buildPhases = (
				61E61B411ED8467B003E92FB /* Sources */,
				61E61B421ED8467B003E92FB /* Frameworks */,
				61E61B431ED8467B003E92FB /* Resources */,
			);
			buildRules = (
			);
			dependencies = (
			);
			name = "User Phone Number";
			productName = "User Phone Number";
			productReference = 61E61B451ED8467B003E92FB /* User Phone Number.app */;
			productType = "com.apple.product-type.application";
		};
/* End PBXNativeTarget section */

/* Begin PBXProject section */
		61E61B3D1ED8467B003E92FB /* Project object */ = {
			isa = PBXProject;
			attributes = {
				LastSwiftUpdateCheck = 0830;
				LastUpgradeCheck = 0830;
				ORGANIZATIONNAME = "Wesley Reisz";
				TargetAttributes = {
					61E61B441ED8467B003E92FB = {
						CreatedOnToolsVersion = 8.3.2;
						ProvisioningStyle = Automatic;
					};
				};
			};
			buildConfigurationList = 61E61B401ED8467B003E92FB /* Build configuration list for PBXProject "User Phone Number" */;
			compatibilityVersion = "Xcode 3.2";
			developmentRegion = English;
			hasScannedForEncodings = 0;
			knownRegions = (
				en,
				Base,
			);
			mainGroup = 61E61B3C1ED8467B003E92FB;
			productRefGroup = 61E61B461ED8467B003E92FB /* Products */;
			projectDirPath = "";
			projectRoot = "";
			targets = (
				61E61B441ED8467B003E92FB /* User Phone Number */,
			);
		};
/* End PBXProject section */

/* Begin PBXResourcesBuildPhase section */
		61E61B431ED8467B003E92FB /* Resources */ = {
			isa = PBXResourcesBuildPhase;
			buildActionMask = 2147483647;
			files = (
				61E61B531ED8467B003E92FB /* LaunchScreen.storyboard in Resources */,
				61E61B501ED8467B003E92FB /* Assets.xcassets in Resources */,
				61E61B4E1ED8467B003E92FB /* Main.storyboard in Resources */,
			);
			runOnlyForDeploymentPostprocessing = 0;
		};
/* End PBXResourcesBuildPhase section */

/* Begin PBXSourcesBuildPhase section */
		61E61B411ED8467B003E92FB /* Sources */ = {
			isa = PBXSourcesBuildPhase;
			buildActionMask = 2147483647;
			files = (
				61E61B4B1ED8467B003E92FB /* ViewController.swift in Sources */,
				61BA70D81ED856AA001094D6 /* UserModel.swift in Sources */,
				61BA70DA1ED9C862001094D6 /* UserExtension.swift in Sources */,
				61E61B491ED8467B003E92FB /* AppDelegate.swift in Sources */,
			);
			runOnlyForDeploymentPostprocessing = 0;
		};
/* End PBXSourcesBuildPhase section */

/* Begin PBXVariantGroup section */
		61E61B4C1ED8467B003E92FB /* Main.storyboard */ = {
			isa = PBXVariantGroup;
			children = (
				61E61B4D1ED8467B003E92FB /* Base */,
			);
			name = Main.storyboard;
			sourceTree = "<group>";
		};
		61E61B511ED8467B003E92FB /* LaunchScreen.storyboard */ = {
			isa = PBXVariantGroup;
			children = (
				61E61B521ED8467B003E92FB /* Base */,
			);
			name = LaunchScreen.storyboard;
			sourceTree = "<group>";
		};
/* End PBXVariantGroup section */

/* Begin XCBuildConfiguration section */
		61E61B551ED8467B003E92FB /* Debug */ = {
			isa = XCBuildConfiguration;
			buildSettings = {
				ALWAYS_SEARCH_USER_PATHS = NO;
				CLANG_ANALYZER_NONNULL = YES;
				CLANG_ANALYZER_NUMBER_OBJECT_CONVERSION = YES_AGGRESSIVE;
				CLANG_CXX_LANGUAGE_STANDARD = "gnu++0x";
				CLANG_CXX_LIBRARY = "libc++";
				CLANG_ENABLE_MODULES = YES;
				CLANG_ENABLE_OBJC_ARC = YES;
				CLANG_WARN_BOOL_CONVERSION = YES;
				CLANG_WARN_CONSTANT_CONVERSION = YES;
				CLANG_WARN_DIRECT_OBJC_ISA_USAGE = YES_ERROR;
				CLANG_WARN_DOCUMENTATION_COMMENTS = YES;
				CLANG_WARN_EMPTY_BODY = YES;
				CLANG_WARN_ENUM_CONVERSION = YES;
				CLANG_WARN_INFINITE_RECURSION = YES;
				CLANG_WARN_INT_CONVERSION = YES;
				CLANG_WARN_OBJC_ROOT_CLASS = YES_ERROR;
				CLANG_WARN_SUSPICIOUS_MOVE = YES;
				CLANG_WARN_UNREACHABLE_CODE = YES;
				CLANG_WARN__DUPLICATE_METHOD_MATCH = YES;
				"CODE_SIGN_IDENTITY[sdk=iphoneos*]" = "iPhone Developer";
				COPY_PHASE_STRIP = NO;
				DEBUG_INFORMATION_FORMAT = dwarf;
				ENABLE_STRICT_OBJC_MSGSEND = YES;
				ENABLE_TESTABILITY = YES;
				GCC_C_LANGUAGE_STANDARD = gnu99;
				GCC_DYNAMIC_NO_PIC = NO;
				GCC_NO_COMMON_BLOCKS = YES;
				GCC_OPTIMIZATION_LEVEL = 0;
				GCC_PREPROCESSOR_DEFINITIONS = (
					"DEBUG=1",
					"$(inherited)",
				);
				GCC_WARN_64_TO_32_BIT_CONVERSION = YES;
				GCC_WARN_ABOUT_RETURN_TYPE = YES_ERROR;
				GCC_WARN_UNDECLARED_SELECTOR = YES;
				GCC_WARN_UNINITIALIZED_AUTOS = YES_AGGRESSIVE;
				GCC_WARN_UNUSED_FUNCTION = YES;
				GCC_WARN_UNUSED_VARIABLE = YES;
				IPHONEOS_DEPLOYMENT_TARGET = 10.3;
				MTL_ENABLE_DEBUG_INFO = YES;
				ONLY_ACTIVE_ARCH = YES;
				SDKROOT = iphoneos;
				SWIFT_ACTIVE_COMPILATION_CONDITIONS = DEBUG;
				SWIFT_OPTIMIZATION_LEVEL = "-Onone";
			};
			name = Debug;
		};
		61E61B561ED8467B003E92FB /* Release */ = {
			isa = XCBuildConfiguration;
			buildSettings = {
				ALWAYS_SEARCH_USER_PATHS = NO;
				CLANG_ANALYZER_NONNULL = YES;
				CLANG_ANALYZER_NUMBER_OBJECT_CONVERSION = YES_AGGRESSIVE;
				CLANG_CXX_LANGUAGE_STANDARD = "gnu++0x";
				CLANG_CXX_LIBRARY = "libc++";
				CLANG_ENABLE_MODULES = YES;
				CLANG_ENABLE_OBJC_ARC = YES;
				CLANG_WARN_BOOL_CONVERSION = YES;
				CLANG_WARN_CONSTANT_CONVERSION = YES;
				CLANG_WARN_DIRECT_OBJC_ISA_USAGE = YES_ERROR;
				CLANG_WARN_DOCUMENTATION_COMMENTS = YES;
				CLANG_WARN_EMPTY_BODY = YES;
				CLANG_WARN_ENUM_CONVERSION = YES;
				CLANG_WARN_INFINITE_RECURSION = YES;
				CLANG_WARN_INT_CONVERSION = YES;
				CLANG_WARN_OBJC_ROOT_CLASS = YES_ERROR;
				CLANG_WARN_SUSPICIOUS_MOVE = YES;
				CLANG_WARN_UNREACHABLE_CODE = YES;
				CLANG_WARN__DUPLICATE_METHOD_MATCH = YES;
				"CODE_SIGN_IDENTITY[sdk=iphoneos*]" = "iPhone Developer";
				COPY_PHASE_STRIP = NO;
				DEBUG_INFORMATION_FORMAT = "dwarf-with-dsym";
				ENABLE_NS_ASSERTIONS = NO;
				ENABLE_STRICT_OBJC_MSGSEND = YES;
				GCC_C_LANGUAGE_STANDARD = gnu99;
				GCC_NO_COMMON_BLOCKS = YES;
				GCC_WARN_64_TO_32_BIT_CONVERSION = YES;
				GCC_WARN_ABOUT_RETURN_TYPE = YES_ERROR;
				GCC_WARN_UNDECLARED_SELECTOR = YES;
				GCC_WARN_UNINITIALIZED_AUTOS = YES_AGGRESSIVE;
				GCC_WARN_UNUSED_FUNCTION = YES;
				GCC_WARN_UNUSED_VARIABLE = YES;
				IPHONEOS_DEPLOYMENT_TARGET = 10.3;
				MTL_ENABLE_DEBUG_INFO = NO;
				SDKROOT = iphoneos;
				SWIFT_OPTIMIZATION_LEVEL = "-Owholemodule";
				VALIDATE_PRODUCT = YES;
			};
			name = Release;
		};
		61E61B581ED8467B003E92FB /* Debug */ = {
			isa = XCBuildConfiguration;
			buildSettings = {
				ASSETCATALOG_COMPILER_APPICON_NAME = AppIcon;
				INFOPLIST_FILE = "User Phone Number/Info.plist";
				LD_RUNPATH_SEARCH_PATHS = "$(inherited) @executable_path/Frameworks";
				PRODUCT_BUNDLE_IDENTIFIER = "com.wesleyreisz.com.User-Phone-Number";
				PRODUCT_NAME = "$(TARGET_NAME)";
				SWIFT_VERSION = 3.0;
			};
			name = Debug;
		};
		61E61B591ED8467B003E92FB /* Release */ = {
			isa = XCBuildConfiguration;
			buildSettings = {
				ASSETCATALOG_COMPILER_APPICON_NAME = AppIcon;
				INFOPLIST_FILE = "User Phone Number/Info.plist";
				LD_RUNPATH_SEARCH_PATHS = "$(inherited) @executable_path/Frameworks";
				PRODUCT_BUNDLE_IDENTIFIER = "com.wesleyreisz.com.User-Phone-Number";
				PRODUCT_NAME = "$(TARGET_NAME)";
				SWIFT_VERSION = 3.0;
			};
			name = Release;
		};
/* End XCBuildConfiguration section */

/* Begin XCConfigurationList section */
		61E61B401ED8467B003E92FB /* Build configuration list for PBXProject "User Phone Number" */ = {
			isa = XCConfigurationList;
			buildConfigurations = (
				61E61B551ED8467B003E92FB /* Debug */,
				61E61B561ED8467B003E92FB /* Release */,
			);
			defaultConfigurationIsVisible = 0;
			defaultConfigurationName = Release;
		};
		61E61B571ED8467B003E92FB /* Build configuration list for PBXNativeTarget "User Phone Number" */ = {
			isa = XCConfigurationList;
			buildConfigurations = (
				61E61B581ED8467B003E92FB /* Debug */,
				61E61B591ED8467B003E92FB /* Release */,
			);
			defaultConfigurationIsVisible = 0;
			defaultConfigurationName = Release;
		};
/* End XCConfigurationList section */
	};
	rootObject = 61E61B3D1ED8467B003E92FB /* Project object */;
}
