// !$*UTF8*$!
{
	archiveVersion = 1;
	classes = {
	};
	objectVersion = 46;
	objects = {

/* Begin PBXBuildFile section */
		61995C4D1F2F55D0001C25F8 /* AppDelegate.swift in Sources */ = {isa = PBXBuildFile; fileRef = 61995C4C1F2F55D0001C25F8 /* AppDelegate.swift */; };
		61995C4F1F2F55D0001C25F8 /* ViewController.swift in Sources */ = {isa = PBXBuildFile; fileRef = 61995C4E1F2F55D0001C25F8 /* ViewController.swift */; };
		61995C521F2F55D0001C25F8 /* Main.storyboard in Resources */ = {isa = PBXBuildFile; fileRef = 61995C501F2F55D0001C25F8 /* Main.storyboard */; };
		61995C541F2F55D0001C25F8 /* Assets.xcassets in Resources */ = {isa = PBXBuildFile; fileRef = 61995C531F2F55D0001C25F8 /* Assets.xcassets */; };
		61995C571F2F55D0001C25F8 /* LaunchScreen.storyboard in Resources */ = {isa = PBXBuildFile; fileRef = 61995C551F2F55D0001C25F8 /* LaunchScreen.storyboard */; };
		61995C621F2F55D0001C25F8 /* Camera_RollTests.swift in Sources */ = {isa = PBXBuildFile; fileRef = 61995C611F2F55D0001C25F8 /* Camera_RollTests.swift */; };
		61995C6D1F2F55D0001C25F8 /* Camera_RollUITests.swift in Sources */ = {isa = PBXBuildFile; fileRef = 61995C6C1F2F55D0001C25F8 /* Camera_RollUITests.swift */; };
/* End PBXBuildFile section */

/* Begin PBXContainerItemProxy section */
		61995C5E1F2F55D0001C25F8 /* PBXContainerItemProxy */ = {
			isa = PBXContainerItemProxy;
			containerPortal = 61995C411F2F55D0001C25F8 /* Project object */;
			proxyType = 1;
			remoteGlobalIDString = 61995C481F2F55D0001C25F8;
			remoteInfo = "Camera Roll";
		};
		61995C691F2F55D0001C25F8 /* PBXContainerItemProxy */ = {
			isa = PBXContainerItemProxy;
			containerPortal = 61995C411F2F55D0001C25F8 /* Project object */;
			proxyType = 1;
			remoteGlobalIDString = 61995C481F2F55D0001C25F8;
			remoteInfo = "Camera Roll";
		};
/* End PBXContainerItemProxy section */

/* Begin PBXFileReference section */
		61995C491F2F55D0001C25F8 /* Camera Roll.app */ = {isa = PBXFileReference; explicitFileType = wrapper.application; includeInIndex = 0; path = "Camera Roll.app"; sourceTree = BUILT_PRODUCTS_DIR; };
		61995C4C1F2F55D0001C25F8 /* AppDelegate.swift */ = {isa = PBXFileReference; lastKnownFileType = sourcecode.swift; path = AppDelegate.swift; sourceTree = "<group>"; };
		61995C4E1F2F55D0001C25F8 /* ViewController.swift */ = {isa = PBXFileReference; lastKnownFileType = sourcecode.swift; path = ViewController.swift; sourceTree = "<group>"; };
		61995C511F2F55D0001C25F8 /* Base */ = {isa = PBXFileReference; lastKnownFileType = file.storyboard; name = Base; path = Base.lproj/Main.storyboard; sourceTree = "<group>"; };
		61995C531F2F55D0001C25F8 /* Assets.xcassets */ = {isa = PBXFileReference; lastKnownFileType = folder.assetcatalog; path = Assets.xcassets; sourceTree = "<group>"; };
		61995C561F2F55D0001C25F8 /* Base */ = {isa = PBXFileReference; lastKnownFileType = file.storyboard; name = Base; path = Base.lproj/LaunchScreen.storyboard; sourceTree = "<group>"; };
		61995C581F2F55D0001C25F8 /* Info.plist */ = {isa = PBXFileReference; lastKnownFileType = text.plist.xml; path = Info.plist; sourceTree = "<group>"; };
		61995C5D1F2F55D0001C25F8 /* Camera RollTests.xctest */ = {isa = PBXFileReference; explicitFileType = wrapper.cfbundle; includeInIndex = 0; path = "Camera RollTests.xctest"; sourceTree = BUILT_PRODUCTS_DIR; };
		61995C611F2F55D0001C25F8 /* Camera_RollTests.swift */ = {isa = PBXFileReference; lastKnownFileType = sourcecode.swift; path = Camera_RollTests.swift; sourceTree = "<group>"; };
		61995C631F2F55D0001C25F8 /* Info.plist */ = {isa = PBXFileReference; lastKnownFileType = text.plist.xml; path = Info.plist; sourceTree = "<group>"; };
		61995C681F2F55D0001C25F8 /* Camera RollUITests.xctest */ = {isa = PBXFileReference; explicitFileType = wrapper.cfbundle; includeInIndex = 0; path = "Camera RollUITests.xctest"; sourceTree = BUILT_PRODUCTS_DIR; };
		61995C6C1F2F55D0001C25F8 /* Camera_RollUITests.swift */ = {isa = PBXFileReference; lastKnownFileType = sourcecode.swift; path = Camera_RollUITests.swift; sourceTree = "<group>"; };
		61995C6E1F2F55D0001C25F8 /* Info.plist */ = {isa = PBXFileReference; lastKnownFileType = text.plist.xml; path = Info.plist; sourceTree = "<group>"; };
/* End PBXFileReference section */

/* Begin PBXFrameworksBuildPhase section */
		61995C461F2F55D0001C25F8 /* Frameworks */ = {
			isa = PBXFrameworksBuildPhase;
			buildActionMask = 2147483647;
			files = (
			);
			runOnlyForDeploymentPostprocessing = 0;
		};
		61995C5A1F2F55D0001C25F8 /* Frameworks */ = {
			isa = PBXFrameworksBuildPhase;
			buildActionMask = 2147483647;
			files = (
			);
			runOnlyForDeploymentPostprocessing = 0;
		};
		61995C651F2F55D0001C25F8 /* Frameworks */ = {
			isa = PBXFrameworksBuildPhase;
			buildActionMask = 2147483647;
			files = (
			);
			runOnlyForDeploymentPostprocessing = 0;
		};
/* End PBXFrameworksBuildPhase section */

/* Begin PBXGroup section */
		61995C401F2F55D0001C25F8 = {
			isa = PBXGroup;
			children = (
				61995C4B1F2F55D0001C25F8 /* Camera Roll */,
				61995C601F2F55D0001C25F8 /* Camera RollTests */,
				61995C6B1F2F55D0001C25F8 /* Camera RollUITests */,
				61995C4A1F2F55D0001C25F8 /* Products */,
			);
			sourceTree = "<group>";
		};
		61995C4A1F2F55D0001C25F8 /* Products */ = {
			isa = PBXGroup;
			children = (
				61995C491F2F55D0001C25F8 /* Camera Roll.app */,
				61995C5D1F2F55D0001C25F8 /* Camera RollTests.xctest */,
				61995C681F2F55D0001C25F8 /* Camera RollUITests.xctest */,
			);
			name = Products;
			sourceTree = "<group>";
		};
		61995C4B1F2F55D0001C25F8 /* Camera Roll */ = {
			isa = PBXGroup;
			children = (
				61995C4C1F2F55D0001C25F8 /* AppDelegate.swift */,
				61995C4E1F2F55D0001C25F8 /* ViewController.swift */,
				61995C501F2F55D0001C25F8 /* Main.storyboard */,
				61995C531F2F55D0001C25F8 /* Assets.xcassets */,
				61995C551F2F55D0001C25F8 /* LaunchScreen.storyboard */,
				61995C581F2F55D0001C25F8 /* Info.plist */,
			);
			path = "Camera Roll";
			sourceTree = "<group>";
		};
		61995C601F2F55D0001C25F8 /* Camera RollTests */ = {
			isa = PBXGroup;
			children = (
				61995C611F2F55D0001C25F8 /* Camera_RollTests.swift */,
				61995C631F2F55D0001C25F8 /* Info.plist */,
			);
			path = "Camera RollTests";
			sourceTree = "<group>";
		};
		61995C6B1F2F55D0001C25F8 /* Camera RollUITests */ = {
			isa = PBXGroup;
			children = (
				61995C6C1F2F55D0001C25F8 /* Camera_RollUITests.swift */,
				61995C6E1F2F55D0001C25F8 /* Info.plist */,
			);
			path = "Camera RollUITests";
			sourceTree = "<group>";
		};
/* End PBXGroup section */

/* Begin PBXNativeTarget section */
		61995C481F2F55D0001C25F8 /* Camera Roll */ = {
			isa = PBXNativeTarget;
			buildConfigurationList = 61995C711F2F55D0001C25F8 /* Build configuration list for PBXNativeTarget "Camera Roll" */;
			buildPhases = (
				61995C451F2F55D0001C25F8 /* Sources */,
				61995C461F2F55D0001C25F8 /* Frameworks */,
				61995C471F2F55D0001C25F8 /* Resources */,
			);
			buildRules = (
			);
			dependencies = (
			);
			name = "Camera Roll";
			productName = "Camera Roll";
			productReference = 61995C491F2F55D0001C25F8 /* Camera Roll.app */;
			productType = "com.apple.product-type.application";
		};
		61995C5C1F2F55D0001C25F8 /* Camera RollTests */ = {
			isa = PBXNativeTarget;
			buildConfigurationList = 61995C741F2F55D0001C25F8 /* Build configuration list for PBXNativeTarget "Camera RollTests" */;
			buildPhases = (
				61995C591F2F55D0001C25F8 /* Sources */,
				61995C5A1F2F55D0001C25F8 /* Frameworks */,
				61995C5B1F2F55D0001C25F8 /* Resources */,
			);
			buildRules = (
			);
			dependencies = (
				61995C5F1F2F55D0001C25F8 /* PBXTargetDependency */,
			);
			name = "Camera RollTests";
			productName = "Camera RollTests";
			productReference = 61995C5D1F2F55D0001C25F8 /* Camera RollTests.xctest */;
			productType = "com.apple.product-type.bundle.unit-test";
		};
		61995C671F2F55D0001C25F8 /* Camera RollUITests */ = {
			isa = PBXNativeTarget;
			buildConfigurationList = 61995C771F2F55D0001C25F8 /* Build configuration list for PBXNativeTarget "Camera RollUITests" */;
			buildPhases = (
				61995C641F2F55D0001C25F8 /* Sources */,
				61995C651F2F55D0001C25F8 /* Frameworks */,
				61995C661F2F55D0001C25F8 /* Resources */,
			);
			buildRules = (
			);
			dependencies = (
				61995C6A1F2F55D0001C25F8 /* PBXTargetDependency */,
			);
			name = "Camera RollUITests";
			productName = "Camera RollUITests";
			productReference = 61995C681F2F55D0001C25F8 /* Camera RollUITests.xctest */;
			productType = "com.apple.product-type.bundle.ui-testing";
		};
/* End PBXNativeTarget section */

/* Begin PBXProject section */
		61995C411F2F55D0001C25F8 /* Project object */ = {
			isa = PBXProject;
			attributes = {
				LastSwiftUpdateCheck = 0830;
				LastUpgradeCheck = 0830;
				ORGANIZATIONNAME = "Wesley Reisz";
				TargetAttributes = {
					61995C481F2F55D0001C25F8 = {
						CreatedOnToolsVersion = 8.3.3;
						ProvisioningStyle = Automatic;
					};
					61995C5C1F2F55D0001C25F8 = {
						CreatedOnToolsVersion = 8.3.3;
						ProvisioningStyle = Automatic;
						TestTargetID = 61995C481F2F55D0001C25F8;
					};
					61995C671F2F55D0001C25F8 = {
						CreatedOnToolsVersion = 8.3.3;
						ProvisioningStyle = Automatic;
						TestTargetID = 61995C481F2F55D0001C25F8;
					};
				};
			};
			buildConfigurationList = 61995C441F2F55D0001C25F8 /* Build configuration list for PBXProject "Camera Roll" */;
			compatibilityVersion = "Xcode 3.2";
			developmentRegion = English;
			hasScannedForEncodings = 0;
			knownRegions = (
				en,
				Base,
			);
			mainGroup = 61995C401F2F55D0001C25F8;
			productRefGroup = 61995C4A1F2F55D0001C25F8 /* Products */;
			projectDirPath = "";
			projectRoot = "";
			targets = (
				61995C481F2F55D0001C25F8 /* Camera Roll */,
				61995C5C1F2F55D0001C25F8 /* Camera RollTests */,
				61995C671F2F55D0001C25F8 /* Camera RollUITests */,
			);
		};
/* End PBXProject section */

/* Begin PBXResourcesBuildPhase section */
		61995C471F2F55D0001C25F8 /* Resources */ = {
			isa = PBXResourcesBuildPhase;
			buildActionMask = 2147483647;
			files = (
				61995C571F2F55D0001C25F8 /* LaunchScreen.storyboard in Resources */,
				61995C541F2F55D0001C25F8 /* Assets.xcassets in Resources */,
				61995C521F2F55D0001C25F8 /* Main.storyboard in Resources */,
			);
			runOnlyForDeploymentPostprocessing = 0;
		};
		61995C5B1F2F55D0001C25F8 /* Resources */ = {
			isa = PBXResourcesBuildPhase;
			buildActionMask = 2147483647;
			files = (
			);
			runOnlyForDeploymentPostprocessing = 0;
		};
		61995C661F2F55D0001C25F8 /* Resources */ = {
			isa = PBXResourcesBuildPhase;
			buildActionMask = 2147483647;
			files = (
			);
			runOnlyForDeploymentPostprocessing = 0;
		};
/* End PBXResourcesBuildPhase section */

/* Begin PBXSourcesBuildPhase section */
		61995C451F2F55D0001C25F8 /* Sources */ = {
			isa = PBXSourcesBuildPhase;
			buildActionMask = 2147483647;
			files = (
				61995C4F1F2F55D0001C25F8 /* ViewController.swift in Sources */,
				61995C4D1F2F55D0001C25F8 /* AppDelegate.swift in Sources */,
			);
			runOnlyForDeploymentPostprocessing = 0;
		};
		61995C591F2F55D0001C25F8 /* Sources */ = {
			isa = PBXSourcesBuildPhase;
			buildActionMask = 2147483647;
			files = (
				61995C621F2F55D0001C25F8 /* Camera_RollTests.swift in Sources */,
			);
			runOnlyForDeploymentPostprocessing = 0;
		};
		61995C641F2F55D0001C25F8 /* Sources */ = {
			isa = PBXSourcesBuildPhase;
			buildActionMask = 2147483647;
			files = (
				61995C6D1F2F55D0001C25F8 /* Camera_RollUITests.swift in Sources */,
			);
			runOnlyForDeploymentPostprocessing = 0;
		};
/* End PBXSourcesBuildPhase section */

/* Begin PBXTargetDependency section */
		61995C5F1F2F55D0001C25F8 /* PBXTargetDependency */ = {
			isa = PBXTargetDependency;
			target = 61995C481F2F55D0001C25F8 /* Camera Roll */;
			targetProxy = 61995C5E1F2F55D0001C25F8 /* PBXContainerItemProxy */;
		};
		61995C6A1F2F55D0001C25F8 /* PBXTargetDependency */ = {
			isa = PBXTargetDependency;
			target = 61995C481F2F55D0001C25F8 /* Camera Roll */;
			targetProxy = 61995C691F2F55D0001C25F8 /* PBXContainerItemProxy */;
		};
/* End PBXTargetDependency section */

/* Begin PBXVariantGroup section */
		61995C501F2F55D0001C25F8 /* Main.storyboard */ = {
			isa = PBXVariantGroup;
			children = (
				61995C511F2F55D0001C25F8 /* Base */,
			);
			name = Main.storyboard;
			sourceTree = "<group>";
		};
		61995C551F2F55D0001C25F8 /* LaunchScreen.storyboard */ = {
			isa = PBXVariantGroup;
			children = (
				61995C561F2F55D0001C25F8 /* Base */,
			);
			name = LaunchScreen.storyboard;
			sourceTree = "<group>";
		};
/* End PBXVariantGroup section */

/* Begin XCBuildConfiguration section */
		61995C6F1F2F55D0001C25F8 /* Debug */ = {
			isa = XCBuildConfiguration;
			buildSettings = {
				ALWAYS_SEARCH_USER_PATHS = NO;
				CLANG_ANALYZER_NONNULL = YES;
				CLANG_ANALYZER_NUMBER_OBJECT_CONVERSION = YES_AGGRESSIVE;
				CLANG_CXX_LANGUAGE_STANDARD = "gnu++0x";
				CLANG_CXX_LIBRARY = "libc++";
				CLANG_ENABLE_MODULES = YES;
				CLANG_ENABLE_OBJC_ARC = YES;
				CLANG_WARN_BOOL_CONVERSION = YES;
				CLANG_WARN_CONSTANT_CONVERSION = YES;
				CLANG_WARN_DIRECT_OBJC_ISA_USAGE = YES_ERROR;
				CLANG_WARN_DOCUMENTATION_COMMENTS = YES;
				CLANG_WARN_EMPTY_BODY = YES;
				CLANG_WARN_ENUM_CONVERSION = YES;
				CLANG_WARN_INFINITE_RECURSION = YES;
				CLANG_WARN_INT_CONVERSION = YES;
				CLANG_WARN_OBJC_ROOT_CLASS = YES_ERROR;
				CLANG_WARN_SUSPICIOUS_MOVE = YES;
				CLANG_WARN_UNREACHABLE_CODE = YES;
				CLANG_WARN__DUPLICATE_METHOD_MATCH = YES;
				"CODE_SIGN_IDENTITY[sdk=iphoneos*]" = "iPhone Developer";
				COPY_PHASE_STRIP = NO;
				DEBUG_INFORMATION_FORMAT = dwarf;
				ENABLE_STRICT_OBJC_MSGSEND = YES;
				ENABLE_TESTABILITY = YES;
				GCC_C_LANGUAGE_STANDARD = gnu99;
				GCC_DYNAMIC_NO_PIC = NO;
				GCC_NO_COMMON_BLOCKS = YES;
				GCC_OPTIMIZATION_LEVEL = 0;
				GCC_PREPROCESSOR_DEFINITIONS = (
					"DEBUG=1",
					"$(inherited)",
				);
				GCC_WARN_64_TO_32_BIT_CONVERSION = YES;
				GCC_WARN_ABOUT_RETURN_TYPE = YES_ERROR;
				GCC_WARN_UNDECLARED_SELECTOR = YES;
				GCC_WARN_UNINITIALIZED_AUTOS = YES_AGGRESSIVE;
				GCC_WARN_UNUSED_FUNCTION = YES;
				GCC_WARN_UNUSED_VARIABLE = YES;
				IPHONEOS_DEPLOYMENT_TARGET = 10.3;
				MTL_ENABLE_DEBUG_INFO = YES;
				ONLY_ACTIVE_ARCH = YES;
				SDKROOT = iphoneos;
				SWIFT_ACTIVE_COMPILATION_CONDITIONS = DEBUG;
				SWIFT_OPTIMIZATION_LEVEL = "-Onone";
			};
			name = Debug;
		};
		61995C701F2F55D0001C25F8 /* Release */ = {
			isa = XCBuildConfiguration;
			buildSettings = {
				ALWAYS_SEARCH_USER_PATHS = NO;
				CLANG_ANALYZER_NONNULL = YES;
				CLANG_ANALYZER_NUMBER_OBJECT_CONVERSION = YES_AGGRESSIVE;
				CLANG_CXX_LANGUAGE_STANDARD = "gnu++0x";
				CLANG_CXX_LIBRARY = "libc++";
				CLANG_ENABLE_MODULES = YES;
				CLANG_ENABLE_OBJC_ARC = YES;
				CLANG_WARN_BOOL_CONVERSION = YES;
				CLANG_WARN_CONSTANT_CONVERSION = YES;
				CLANG_WARN_DIRECT_OBJC_ISA_USAGE = YES_ERROR;
				CLANG_WARN_DOCUMENTATION_COMMENTS = YES;
				CLANG_WARN_EMPTY_BODY = YES;
				CLANG_WARN_ENUM_CONVERSION = YES;
				CLANG_WARN_INFINITE_RECURSION = YES;
				CLANG_WARN_INT_CONVERSION = YES;
				CLANG_WARN_OBJC_ROOT_CLASS = YES_ERROR;
				CLANG_WARN_SUSPICIOUS_MOVE = YES;
				CLANG_WARN_UNREACHABLE_CODE = YES;
				CLANG_WARN__DUPLICATE_METHOD_MATCH = YES;
				"CODE_SIGN_IDENTITY[sdk=iphoneos*]" = "iPhone Developer";
				COPY_PHASE_STRIP = NO;
				DEBUG_INFORMATION_FORMAT = "dwarf-with-dsym";
				ENABLE_NS_ASSERTIONS = NO;
				ENABLE_STRICT_OBJC_MSGSEND = YES;
				GCC_C_LANGUAGE_STANDARD = gnu99;
				GCC_NO_COMMON_BLOCKS = YES;
				GCC_WARN_64_TO_32_BIT_CONVERSION = YES;
				GCC_WARN_ABOUT_RETURN_TYPE = YES_ERROR;
				GCC_WARN_UNDECLARED_SELECTOR = YES;
				GCC_WARN_UNINITIALIZED_AUTOS = YES_AGGRESSIVE;
				GCC_WARN_UNUSED_FUNCTION = YES;
				GCC_WARN_UNUSED_VARIABLE = YES;
				IPHONEOS_DEPLOYMENT_TARGET = 10.3;
				MTL_ENABLE_DEBUG_INFO = NO;
				SDKROOT = iphoneos;
				SWIFT_OPTIMIZATION_LEVEL = "-Owholemodule";
				VALIDATE_PRODUCT = YES;
			};
			name = Release;
		};
		61995C721F2F55D0001C25F8 /* Debug */ = {
			isa = XCBuildConfiguration;
			buildSettings = {
				ASSETCATALOG_COMPILER_APPICON_NAME = AppIcon;
				INFOPLIST_FILE = "Camera Roll/Info.plist";
				LD_RUNPATH_SEARCH_PATHS = "$(inherited) @executable_path/Frameworks";
				PRODUCT_BUNDLE_IDENTIFIER = "com.wesleyreisz.com.Camera-Roll";
				PRODUCT_NAME = "$(TARGET_NAME)";
				SWIFT_VERSION = 3.0;
			};
			name = Debug;
		};
		61995C731F2F55D0001C25F8 /* Release */ = {
			isa = XCBuildConfiguration;
			buildSettings = {
				ASSETCATALOG_COMPILER_APPICON_NAME = AppIcon;
				INFOPLIST_FILE = "Camera Roll/Info.plist";
				LD_RUNPATH_SEARCH_PATHS = "$(inherited) @executable_path/Frameworks";
				PRODUCT_BUNDLE_IDENTIFIER = "com.wesleyreisz.com.Camera-Roll";
				PRODUCT_NAME = "$(TARGET_NAME)";
				SWIFT_VERSION = 3.0;
			};
			name = Release;
		};
		61995C751F2F55D0001C25F8 /* Debug */ = {
			isa = XCBuildConfiguration;
			buildSettings = {
				ALWAYS_EMBED_SWIFT_STANDARD_LIBRARIES = YES;
				BUNDLE_LOADER = "$(TEST_HOST)";
				INFOPLIST_FILE = "Camera RollTests/Info.plist";
				LD_RUNPATH_SEARCH_PATHS = "$(inherited) @executable_path/Frameworks @loader_path/Frameworks";
				PRODUCT_BUNDLE_IDENTIFIER = "com.wesleyreisz.com.Camera-RollTests";
				PRODUCT_NAME = "$(TARGET_NAME)";
				SWIFT_VERSION = 3.0;
				TEST_HOST = "$(BUILT_PRODUCTS_DIR)/Camera Roll.app/Camera Roll";
			};
			name = Debug;
		};
		61995C761F2F55D0001C25F8 /* Release */ = {
			isa = XCBuildConfiguration;
			buildSettings = {
				ALWAYS_EMBED_SWIFT_STANDARD_LIBRARIES = YES;
				BUNDLE_LOADER = "$(TEST_HOST)";
				INFOPLIST_FILE = "Camera RollTests/Info.plist";
				LD_RUNPATH_SEARCH_PATHS = "$(inherited) @executable_path/Frameworks @loader_path/Frameworks";
				PRODUCT_BUNDLE_IDENTIFIER = "com.wesleyreisz.com.Camera-RollTests";
				PRODUCT_NAME = "$(TARGET_NAME)";
				SWIFT_VERSION = 3.0;
				TEST_HOST = "$(BUILT_PRODUCTS_DIR)/Camera Roll.app/Camera Roll";
			};
			name = Release;
		};
		61995C781F2F55D0001C25F8 /* Debug */ = {
			isa = XCBuildConfiguration;
			buildSettings = {
				ALWAYS_EMBED_SWIFT_STANDARD_LIBRARIES = YES;
				INFOPLIST_FILE = "Camera RollUITests/Info.plist";
				LD_RUNPATH_SEARCH_PATHS = "$(inherited) @executable_path/Frameworks @loader_path/Frameworks";
				PRODUCT_BUNDLE_IDENTIFIER = "com.wesleyreisz.com.Camera-RollUITests";
				PRODUCT_NAME = "$(TARGET_NAME)";
				SWIFT_VERSION = 3.0;
				TEST_TARGET_NAME = "Camera Roll";
			};
			name = Debug;
		};
		61995C791F2F55D0001C25F8 /* Release */ = {
			isa = XCBuildConfiguration;
			buildSettings = {
				ALWAYS_EMBED_SWIFT_STANDARD_LIBRARIES = YES;
				INFOPLIST_FILE = "Camera RollUITests/Info.plist";
				LD_RUNPATH_SEARCH_PATHS = "$(inherited) @executable_path/Frameworks @loader_path/Frameworks";
				PRODUCT_BUNDLE_IDENTIFIER = "com.wesleyreisz.com.Camera-RollUITests";
				PRODUCT_NAME = "$(TARGET_NAME)";
				SWIFT_VERSION = 3.0;
				TEST_TARGET_NAME = "Camera Roll";
			};
			name = Release;
		};
/* End XCBuildConfiguration section */

/* Begin XCConfigurationList section */
		61995C441F2F55D0001C25F8 /* Build configuration list for PBXProject "Camera Roll" */ = {
			isa = XCConfigurationList;
			buildConfigurations = (
				61995C6F1F2F55D0001C25F8 /* Debug */,
				61995C701F2F55D0001C25F8 /* Release */,
			);
			defaultConfigurationIsVisible = 0;
			defaultConfigurationName = Release;
		};
		61995C711F2F55D0001C25F8 /* Build configuration list for PBXNativeTarget "Camera Roll" */ = {
			isa = XCConfigurationList;
			buildConfigurations = (
				61995C721F2F55D0001C25F8 /* Debug */,
				61995C731F2F55D0001C25F8 /* Release */,
			);
			defaultConfigurationIsVisible = 0;
		};
		61995C741F2F55D0001C25F8 /* Build configuration list for PBXNativeTarget "Camera RollTests" */ = {
			isa = XCConfigurationList;
			buildConfigurations = (
				61995C751F2F55D0001C25F8 /* Debug */,
				61995C761F2F55D0001C25F8 /* Release */,
			);
			defaultConfigurationIsVisible = 0;
		};
		61995C771F2F55D0001C25F8 /* Build configuration list for PBXNativeTarget "Camera RollUITests" */ = {
			isa = XCConfigurationList;
			buildConfigurations = (
				61995C781F2F55D0001C25F8 /* Debug */,
				61995C791F2F55D0001C25F8 /* Release */,
			);
			defaultConfigurationIsVisible = 0;
		};
/* End XCConfigurationList section */
	};
	rootObject = 61995C411F2F55D0001C25F8 /* Project object */;
}
