// !$*UTF8*$!
{
	archiveVersion = 1;
	classes = {
	};
	objectVersion = 46;
	objects = {

/* Begin PBXBuildFile section */
		61A0662F1EF94DDC00C72008 /* AppDelegate.swift in Sources */ = {isa = PBXBuildFile; fileRef = 61A0662E1EF94DDC00C72008 /* AppDelegate.swift */; };
		61A066321EF94DDC00C72008 /* Blog_Reader__Udemy_.xcdatamodeld in Sources */ = {isa = PBXBuildFile; fileRef = 61A066301EF94DDC00C72008 /* Blog_Reader__Udemy_.xcdatamodeld */; };
		61A066341EF94DDC00C72008 /* MasterViewController.swift in Sources */ = {isa = PBXBuildFile; fileRef = 61A066331EF94DDC00C72008 /* MasterViewController.swift */; };
		61A066361EF94DDC00C72008 /* DetailViewController.swift in Sources */ = {isa = PBXBuildFile; fileRef = 61A066351EF94DDC00C72008 /* DetailViewController.swift */; };
		61A066391EF94DDC00C72008 /* Main.storyboard in Resources */ = {isa = PBXBuildFile; fileRef = 61A066371EF94DDC00C72008 /* Main.storyboard */; };
		61A0663B1EF94DDC00C72008 /* Assets.xcassets in Resources */ = {isa = PBXBuildFile; fileRef = 61A0663A1EF94DDC00C72008 /* Assets.xcassets */; };
		61A0663E1EF94DDC00C72008 /* LaunchScreen.storyboard in Resources */ = {isa = PBXBuildFile; fileRef = 61A0663C1EF94DDC00C72008 /* LaunchScreen.storyboard */; };
/* End PBXBuildFile section */

/* Begin PBXFileReference section */
		61A0662B1EF94DDC00C72008 /* Blog Reader (Udemy).app */ = {isa = PBXFileReference; explicitFileType = wrapper.application; includeInIndex = 0; path = "Blog Reader (Udemy).app"; sourceTree = BUILT_PRODUCTS_DIR; };
		61A0662E1EF94DDC00C72008 /* AppDelegate.swift */ = {isa = PBXFileReference; lastKnownFileType = sourcecode.swift; path = AppDelegate.swift; sourceTree = "<group>"; };
		61A066311EF94DDC00C72008 /* Blog_Reader__Udemy_.xcdatamodel */ = {isa = PBXFileReference; lastKnownFileType = wrapper.xcdatamodel; path = Blog_Reader__Udemy_.xcdatamodel; sourceTree = "<group>"; };
		61A066331EF94DDC00C72008 /* MasterViewController.swift */ = {isa = PBXFileReference; lastKnownFileType = sourcecode.swift; path = MasterViewController.swift; sourceTree = "<group>"; };
		61A066351EF94DDC00C72008 /* DetailViewController.swift */ = {isa = PBXFileReference; lastKnownFileType = sourcecode.swift; path = DetailViewController.swift; sourceTree = "<group>"; };
		61A066381EF94DDC00C72008 /* Base */ = {isa = PBXFileReference; lastKnownFileType = file.storyboard; name = Base; path = Base.lproj/Main.storyboard; sourceTree = "<group>"; };
		61A0663A1EF94DDC00C72008 /* Assets.xcassets */ = {isa = PBXFileReference; lastKnownFileType = folder.assetcatalog; path = Assets.xcassets; sourceTree = "<group>"; };
		61A0663D1EF94DDC00C72008 /* Base */ = {isa = PBXFileReference; lastKnownFileType = file.storyboard; name = Base; path = Base.lproj/LaunchScreen.storyboard; sourceTree = "<group>"; };
		61A0663F1EF94DDC00C72008 /* Info.plist */ = {isa = PBXFileReference; lastKnownFileType = text.plist.xml; path = Info.plist; sourceTree = "<group>"; };
/* End PBXFileReference section */

/* Begin PBXFrameworksBuildPhase section */
		61A066281EF94DDC00C72008 /* Frameworks */ = {
			isa = PBXFrameworksBuildPhase;
			buildActionMask = 2147483647;
			files = (
			);
			runOnlyForDeploymentPostprocessing = 0;
		};
/* End PBXFrameworksBuildPhase section */

/* Begin PBXGroup section */
		61A066221EF94DDC00C72008 = {
			isa = PBXGroup;
			children = (
				61A0662D1EF94DDC00C72008 /* Blog Reader (Udemy) */,
				61A0662C1EF94DDC00C72008 /* Products */,
			);
			sourceTree = "<group>";
		};
		61A0662C1EF94DDC00C72008 /* Products */ = {
			isa = PBXGroup;
			children = (
				61A0662B1EF94DDC00C72008 /* Blog Reader (Udemy).app */,
			);
			name = Products;
			sourceTree = "<group>";
		};
		61A0662D1EF94DDC00C72008 /* Blog Reader (Udemy) */ = {
			isa = PBXGroup;
			children = (
				61A0662E1EF94DDC00C72008 /* AppDelegate.swift */,
				61A066331EF94DDC00C72008 /* MasterViewController.swift */,
				61A066351EF94DDC00C72008 /* DetailViewController.swift */,
				61A066371EF94DDC00C72008 /* Main.storyboard */,
				61A0663A1EF94DDC00C72008 /* Assets.xcassets */,
				61A0663C1EF94DDC00C72008 /* LaunchScreen.storyboard */,
				61A0663F1EF94DDC00C72008 /* Info.plist */,
				61A066301EF94DDC00C72008 /* Blog_Reader__Udemy_.xcdatamodeld */,
			);
			path = "Blog Reader (Udemy)";
			sourceTree = "<group>";
		};
/* End PBXGroup section */

/* Begin PBXNativeTarget section */
		61A0662A1EF94DDC00C72008 /* Blog Reader (Udemy) */ = {
			isa = PBXNativeTarget;
			buildConfigurationList = 61A066421EF94DDC00C72008 /* Build configuration list for PBXNativeTarget "Blog Reader (Udemy)" */;
			buildPhases = (
				61A066271EF94DDC00C72008 /* Sources */,
				61A066281EF94DDC00C72008 /* Frameworks */,
				61A066291EF94DDC00C72008 /* Resources */,
			);
			buildRules = (
			);
			dependencies = (
			);
			name = "Blog Reader (Udemy)";
			productName = "Blog Reader (Udemy)";
			productReference = 61A0662B1EF94DDC00C72008 /* Blog Reader (Udemy).app */;
			productType = "com.apple.product-type.application";
		};
/* End PBXNativeTarget section */

/* Begin PBXProject section */
		61A066231EF94DDC00C72008 /* Project object */ = {
			isa = PBXProject;
			attributes = {
				LastSwiftUpdateCheck = 0830;
				LastUpgradeCheck = 0830;
				ORGANIZATIONNAME = "Wesley Reisz";
				TargetAttributes = {
					61A0662A1EF94DDC00C72008 = {
						CreatedOnToolsVersion = 8.3.2;
						ProvisioningStyle = Automatic;
					};
				};
			};
			buildConfigurationList = 61A066261EF94DDC00C72008 /* Build configuration list for PBXProject "Blog Reader (Udemy)" */;
			compatibilityVersion = "Xcode 3.2";
			developmentRegion = English;
			hasScannedForEncodings = 0;
			knownRegions = (
				en,
				Base,
			);
			mainGroup = 61A066221EF94DDC00C72008;
			productRefGroup = 61A0662C1EF94DDC00C72008 /* Products */;
			projectDirPath = "";
			projectRoot = "";
			targets = (
				61A0662A1EF94DDC00C72008 /* Blog Reader (Udemy) */,
			);
		};
/* End PBXProject section */

/* Begin PBXResourcesBuildPhase section */
		61A066291EF94DDC00C72008 /* Resources */ = {
			isa = PBXResourcesBuildPhase;
			buildActionMask = 2147483647;
			files = (
				61A0663E1EF94DDC00C72008 /* LaunchScreen.storyboard in Resources */,
				61A0663B1EF94DDC00C72008 /* Assets.xcassets in Resources */,
				61A066391EF94DDC00C72008 /* Main.storyboard in Resources */,
			);
			runOnlyForDeploymentPostprocessing = 0;
		};
/* End PBXResourcesBuildPhase section */

/* Begin PBXSourcesBuildPhase section */
		61A066271EF94DDC00C72008 /* Sources */ = {
			isa = PBXSourcesBuildPhase;
			buildActionMask = 2147483647;
			files = (
				61A066321EF94DDC00C72008 /* Blog_Reader__Udemy_.xcdatamodeld in Sources */,
				61A0662F1EF94DDC00C72008 /* AppDelegate.swift in Sources */,
				61A066341EF94DDC00C72008 /* MasterViewController.swift in Sources */,
				61A066361EF94DDC00C72008 /* DetailViewController.swift in Sources */,
			);
			runOnlyForDeploymentPostprocessing = 0;
		};
/* End PBXSourcesBuildPhase section */

/* Begin PBXVariantGroup section */
		61A066371EF94DDC00C72008 /* Main.storyboard */ = {
			isa = PBXVariantGroup;
			children = (
				61A066381EF94DDC00C72008 /* Base */,
			);
			name = Main.storyboard;
			sourceTree = "<group>";
		};
		61A0663C1EF94DDC00C72008 /* LaunchScreen.storyboard */ = {
			isa = PBXVariantGroup;
			children = (
				61A0663D1EF94DDC00C72008 /* Base */,
			);
			name = LaunchScreen.storyboard;
			sourceTree = "<group>";
		};
/* End PBXVariantGroup section */

/* Begin XCBuildConfiguration section */
		61A066401EF94DDC00C72008 /* Debug */ = {
			isa = XCBuildConfiguration;
			buildSettings = {
				ALWAYS_SEARCH_USER_PATHS = NO;
				CLANG_ANALYZER_NONNULL = YES;
				CLANG_ANALYZER_NUMBER_OBJECT_CONVERSION = YES_AGGRESSIVE;
				CLANG_CXX_LANGUAGE_STANDARD = "gnu++0x";
				CLANG_CXX_LIBRARY = "libc++";
				CLANG_ENABLE_MODULES = YES;
				CLANG_ENABLE_OBJC_ARC = YES;
				CLANG_WARN_BOOL_CONVERSION = YES;
				CLANG_WARN_CONSTANT_CONVERSION = YES;
				CLANG_WARN_DIRECT_OBJC_ISA_USAGE = YES_ERROR;
				CLANG_WARN_DOCUMENTATION_COMMENTS = YES;
				CLANG_WARN_EMPTY_BODY = YES;
				CLANG_WARN_ENUM_CONVERSION = YES;
				CLANG_WARN_INFINITE_RECURSION = YES;
				CLANG_WARN_INT_CONVERSION = YES;
				CLANG_WARN_OBJC_ROOT_CLASS = YES_ERROR;
				CLANG_WARN_SUSPICIOUS_MOVE = YES;
				CLANG_WARN_UNREACHABLE_CODE = YES;
				CLANG_WARN__DUPLICATE_METHOD_MATCH = YES;
				"CODE_SIGN_IDENTITY[sdk=iphoneos*]" = "iPhone Developer";
				COPY_PHASE_STRIP = NO;
				DEBUG_INFORMATION_FORMAT = dwarf;
				ENABLE_STRICT_OBJC_MSGSEND = YES;
				ENABLE_TESTABILITY = YES;
				GCC_C_LANGUAGE_STANDARD = gnu99;
				GCC_DYNAMIC_NO_PIC = NO;
				GCC_NO_COMMON_BLOCKS = YES;
				GCC_OPTIMIZATION_LEVEL = 0;
				GCC_PREPROCESSOR_DEFINITIONS = (
					"DEBUG=1",
					"$(inherited)",
				);
				GCC_WARN_64_TO_32_BIT_CONVERSION = YES;
				GCC_WARN_ABOUT_RETURN_TYPE = YES_ERROR;
				GCC_WARN_UNDECLARED_SELECTOR = YES;
				GCC_WARN_UNINITIALIZED_AUTOS = YES_AGGRESSIVE;
				GCC_WARN_UNUSED_FUNCTION = YES;
				GCC_WARN_UNUSED_VARIABLE = YES;
				IPHONEOS_DEPLOYMENT_TARGET = 10.3;
				MTL_ENABLE_DEBUG_INFO = YES;
				ONLY_ACTIVE_ARCH = YES;
				SDKROOT = iphoneos;
				SWIFT_ACTIVE_COMPILATION_CONDITIONS = DEBUG;
				SWIFT_OPTIMIZATION_LEVEL = "-Onone";
			};
			name = Debug;
		};
		61A066411EF94DDC00C72008 /* Release */ = {
			isa = XCBuildConfiguration;
			buildSettings = {
				ALWAYS_SEARCH_USER_PATHS = NO;
				CLANG_ANALYZER_NONNULL = YES;
				CLANG_ANALYZER_NUMBER_OBJECT_CONVERSION = YES_AGGRESSIVE;
				CLANG_CXX_LANGUAGE_STANDARD = "gnu++0x";
				CLANG_CXX_LIBRARY = "libc++";
				CLANG_ENABLE_MODULES = YES;
				CLANG_ENABLE_OBJC_ARC = YES;
				CLANG_WARN_BOOL_CONVERSION = YES;
				CLANG_WARN_CONSTANT_CONVERSION = YES;
				CLANG_WARN_DIRECT_OBJC_ISA_USAGE = YES_ERROR;
				CLANG_WARN_DOCUMENTATION_COMMENTS = YES;
				CLANG_WARN_EMPTY_BODY = YES;
				CLANG_WARN_ENUM_CONVERSION = YES;
				CLANG_WARN_INFINITE_RECURSION = YES;
				CLANG_WARN_INT_CONVERSION = YES;
				CLANG_WARN_OBJC_ROOT_CLASS = YES_ERROR;
				CLANG_WARN_SUSPICIOUS_MOVE = YES;
				CLANG_WARN_UNREACHABLE_CODE = YES;
				CLANG_WARN__DUPLICATE_METHOD_MATCH = YES;
				"CODE_SIGN_IDENTITY[sdk=iphoneos*]" = "iPhone Developer";
				COPY_PHASE_STRIP = NO;
				DEBUG_INFORMATION_FORMAT = "dwarf-with-dsym";
				ENABLE_NS_ASSERTIONS = NO;
				ENABLE_STRICT_OBJC_MSGSEND = YES;
				GCC_C_LANGUAGE_STANDARD = gnu99;
				GCC_NO_COMMON_BLOCKS = YES;
				GCC_WARN_64_TO_32_BIT_CONVERSION = YES;
				GCC_WARN_ABOUT_RETURN_TYPE = YES_ERROR;
				GCC_WARN_UNDECLARED_SELECTOR = YES;
				GCC_WARN_UNINITIALIZED_AUTOS = YES_AGGRESSIVE;
				GCC_WARN_UNUSED_FUNCTION = YES;
				GCC_WARN_UNUSED_VARIABLE = YES;
				IPHONEOS_DEPLOYMENT_TARGET = 10.3;
				MTL_ENABLE_DEBUG_INFO = NO;
				SDKROOT = iphoneos;
				SWIFT_OPTIMIZATION_LEVEL = "-Owholemodule";
				VALIDATE_PRODUCT = YES;
			};
			name = Release;
		};
		61A066431EF94DDC00C72008 /* Debug */ = {
			isa = XCBuildConfiguration;
			buildSettings = {
				ASSETCATALOG_COMPILER_APPICON_NAME = AppIcon;
				INFOPLIST_FILE = "Blog Reader (Udemy)/Info.plist";
				LD_RUNPATH_SEARCH_PATHS = "$(inherited) @executable_path/Frameworks";
				PRODUCT_BUNDLE_IDENTIFIER = "com.wesleyreisz.com.Blog-Reader--Udemy-";
				PRODUCT_NAME = "$(TARGET_NAME)";
				SWIFT_VERSION = 3.0;
			};
			name = Debug;
		};
		61A066441EF94DDC00C72008 /* Release */ = {
			isa = XCBuildConfiguration;
			buildSettings = {
				ASSETCATALOG_COMPILER_APPICON_NAME = AppIcon;
				INFOPLIST_FILE = "Blog Reader (Udemy)/Info.plist";
				LD_RUNPATH_SEARCH_PATHS = "$(inherited) @executable_path/Frameworks";
				PRODUCT_BUNDLE_IDENTIFIER = "com.wesleyreisz.com.Blog-Reader--Udemy-";
				PRODUCT_NAME = "$(TARGET_NAME)";
				SWIFT_VERSION = 3.0;
			};
			name = Release;
		};
/* End XCBuildConfiguration section */

/* Begin XCConfigurationList section */
		61A066261EF94DDC00C72008 /* Build configuration list for PBXProject "Blog Reader (Udemy)" */ = {
			isa = XCConfigurationList;
			buildConfigurations = (
				61A066401EF94DDC00C72008 /* Debug */,
				61A066411EF94DDC00C72008 /* Release */,
			);
			defaultConfigurationIsVisible = 0;
			defaultConfigurationName = Release;
		};
		61A066421EF94DDC00C72008 /* Build configuration list for PBXNativeTarget "Blog Reader (Udemy)" */ = {
			isa = XCConfigurationList;
			buildConfigurations = (
				61A066431EF94DDC00C72008 /* Debug */,
				61A066441EF94DDC00C72008 /* Release */,
			);
			defaultConfigurationIsVisible = 0;
		};
/* End XCConfigurationList section */

/* Begin XCVersionGroup section */
		61A066301EF94DDC00C72008 /* Blog_Reader__Udemy_.xcdatamodeld */ = {
			isa = XCVersionGroup;
			children = (
				61A066311EF94DDC00C72008 /* Blog_Reader__Udemy_.xcdatamodel */,
			);
			currentVersion = 61A066311EF94DDC00C72008 /* Blog_Reader__Udemy_.xcdatamodel */;
			path = Blog_Reader__Udemy_.xcdatamodeld;
			sourceTree = "<group>";
			versionGroupType = wrapper.xcdatamodel;
		};
/* End XCVersionGroup section */
	};
	rootObject = 61A066231EF94DDC00C72008 /* Project object */;
}
