// !$*UTF8*$!
{
	archiveVersion = 1;
	classes = {
	};
	objectVersion = 46;
	objects = {

/* Begin PBXBuildFile section */
		6139135C1ECB2B48001390BD /* AppDelegate.swift in Sources */ = {isa = PBXBuildFile; fileRef = 6139135B1ECB2B48001390BD /* AppDelegate.swift */; };
		6139135E1ECB2B48001390BD /* ViewController.swift in Sources */ = {isa = PBXBuildFile; fileRef = 6139135D1ECB2B48001390BD /* ViewController.swift */; };
		613913611ECB2B48001390BD /* Main.storyboard in Resources */ = {isa = PBXBuildFile; fileRef = 6139135F1ECB2B48001390BD /* Main.storyboard */; };
		613913631ECB2B48001390BD /* Assets.xcassets in Resources */ = {isa = PBXBuildFile; fileRef = 613913621ECB2B48001390BD /* Assets.xcassets */; };
		613913661ECB2B48001390BD /* LaunchScreen.storyboard in Resources */ = {isa = PBXBuildFile; fileRef = 613913641ECB2B48001390BD /* LaunchScreen.storyboard */; };
		6139136E1ECB2BB3001390BD /* rotty.jpg in Resources */ = {isa = PBXBuildFile; fileRef = 6139136D1ECB2BB3001390BD /* rotty.jpg */; };
/* End PBXBuildFile section */

/* Begin PBXFileReference section */
		613913581ECB2B48001390BD /* Dog Years.app */ = {isa = PBXFileReference; explicitFileType = wrapper.application; includeInIndex = 0; path = "Dog Years.app"; sourceTree = BUILT_PRODUCTS_DIR; };
		6139135B1ECB2B48001390BD /* AppDelegate.swift */ = {isa = PBXFileReference; lastKnownFileType = sourcecode.swift; path = AppDelegate.swift; sourceTree = "<group>"; };
		6139135D1ECB2B48001390BD /* ViewController.swift */ = {isa = PBXFileReference; lastKnownFileType = sourcecode.swift; path = ViewController.swift; sourceTree = "<group>"; };
		613913601ECB2B48001390BD /* Base */ = {isa = PBXFileReference; lastKnownFileType = file.storyboard; name = Base; path = Base.lproj/Main.storyboard; sourceTree = "<group>"; };
		613913621ECB2B48001390BD /* Assets.xcassets */ = {isa = PBXFileReference; lastKnownFileType = folder.assetcatalog; path = Assets.xcassets; sourceTree = "<group>"; };
		613913651ECB2B48001390BD /* Base */ = {isa = PBXFileReference; lastKnownFileType = file.storyboard; name = Base; path = Base.lproj/LaunchScreen.storyboard; sourceTree = "<group>"; };
		613913671ECB2B48001390BD /* Info.plist */ = {isa = PBXFileReference; lastKnownFileType = text.plist.xml; path = Info.plist; sourceTree = "<group>"; };
		6139136D1ECB2BB3001390BD /* rotty.jpg */ = {isa = PBXFileReference; lastKnownFileType = image.jpeg; path = rotty.jpg; sourceTree = "<group>"; };
/* End PBXFileReference section */

/* Begin PBXFrameworksBuildPhase section */
		613913551ECB2B48001390BD /* Frameworks */ = {
			isa = PBXFrameworksBuildPhase;
			buildActionMask = 2147483647;
			files = (
			);
			runOnlyForDeploymentPostprocessing = 0;
		};
/* End PBXFrameworksBuildPhase section */

/* Begin PBXGroup section */
		6139134F1ECB2B48001390BD = {
			isa = PBXGroup;
			children = (
				6139135A1ECB2B48001390BD /* Dog Years */,
				613913591ECB2B48001390BD /* Products */,
			);
			sourceTree = "<group>";
		};
		613913591ECB2B48001390BD /* Products */ = {
			isa = PBXGroup;
			children = (
				613913581ECB2B48001390BD /* Dog Years.app */,
			);
			name = Products;
			sourceTree = "<group>";
		};
		6139135A1ECB2B48001390BD /* Dog Years */ = {
			isa = PBXGroup;
			children = (
				6139135B1ECB2B48001390BD /* AppDelegate.swift */,
				6139136D1ECB2BB3001390BD /* rotty.jpg */,
				6139135D1ECB2B48001390BD /* ViewController.swift */,
				6139135F1ECB2B48001390BD /* Main.storyboard */,
				613913621ECB2B48001390BD /* Assets.xcassets */,
				613913641ECB2B48001390BD /* LaunchScreen.storyboard */,
				613913671ECB2B48001390BD /* Info.plist */,
			);
			path = "Dog Years";
			sourceTree = "<group>";
		};
/* End PBXGroup section */

/* Begin PBXNativeTarget section */
		613913571ECB2B48001390BD /* Dog Years */ = {
			isa = PBXNativeTarget;
			buildConfigurationList = 6139136A1ECB2B48001390BD /* Build configuration list for PBXNativeTarget "Dog Years" */;
			buildPhases = (
				613913541ECB2B48001390BD /* Sources */,
				613913551ECB2B48001390BD /* Frameworks */,
				613913561ECB2B48001390BD /* Resources */,
			);
			buildRules = (
			);
			dependencies = (
			);
			name = "Dog Years";
			productName = "Dog Years";
			productReference = 613913581ECB2B48001390BD /* Dog Years.app */;
			productType = "com.apple.product-type.application";
		};
/* End PBXNativeTarget section */

/* Begin PBXProject section */
		613913501ECB2B48001390BD /* Project object */ = {
			isa = PBXProject;
			attributes = {
				LastSwiftUpdateCheck = 0830;
				LastUpgradeCheck = 0830;
				ORGANIZATIONNAME = "Wesley Reisz";
				TargetAttributes = {
					613913571ECB2B48001390BD = {
						CreatedOnToolsVersion = 8.3;
						ProvisioningStyle = Automatic;
					};
				};
			};
			buildConfigurationList = 613913531ECB2B48001390BD /* Build configuration list for PBXProject "Dog Years" */;
			compatibilityVersion = "Xcode 3.2";
			developmentRegion = English;
			hasScannedForEncodings = 0;
			knownRegions = (
				en,
				Base,
			);
			mainGroup = 6139134F1ECB2B48001390BD;
			productRefGroup = 613913591ECB2B48001390BD /* Products */;
			projectDirPath = "";
			projectRoot = "";
			targets = (
				613913571ECB2B48001390BD /* Dog Years */,
			);
		};
/* End PBXProject section */

/* Begin PBXResourcesBuildPhase section */
		613913561ECB2B48001390BD /* Resources */ = {
			isa = PBXResourcesBuildPhase;
			buildActionMask = 2147483647;
			files = (
				613913661ECB2B48001390BD /* LaunchScreen.storyboard in Resources */,
				613913631ECB2B48001390BD /* Assets.xcassets in Resources */,
				6139136E1ECB2BB3001390BD /* rotty.jpg in Resources */,
				613913611ECB2B48001390BD /* Main.storyboard in Resources */,
			);
			runOnlyForDeploymentPostprocessing = 0;
		};
/* End PBXResourcesBuildPhase section */

/* Begin PBXSourcesBuildPhase section */
		613913541ECB2B48001390BD /* Sources */ = {
			isa = PBXSourcesBuildPhase;
			buildActionMask = 2147483647;
			files = (
				6139135E1ECB2B48001390BD /* ViewController.swift in Sources */,
				6139135C1ECB2B48001390BD /* AppDelegate.swift in Sources */,
			);
			runOnlyForDeploymentPostprocessing = 0;
		};
/* End PBXSourcesBuildPhase section */

/* Begin PBXVariantGroup section */
		6139135F1ECB2B48001390BD /* Main.storyboard */ = {
			isa = PBXVariantGroup;
			children = (
				613913601ECB2B48001390BD /* Base */,
			);
			name = Main.storyboard;
			sourceTree = "<group>";
		};
		613913641ECB2B48001390BD /* LaunchScreen.storyboard */ = {
			isa = PBXVariantGroup;
			children = (
				613913651ECB2B48001390BD /* Base */,
			);
			name = LaunchScreen.storyboard;
			sourceTree = "<group>";
		};
/* End PBXVariantGroup section */

/* Begin XCBuildConfiguration section */
		613913681ECB2B48001390BD /* Debug */ = {
			isa = XCBuildConfiguration;
			buildSettings = {
				ALWAYS_SEARCH_USER_PATHS = NO;
				CLANG_ANALYZER_NONNULL = YES;
				CLANG_ANALYZER_NUMBER_OBJECT_CONVERSION = YES_AGGRESSIVE;
				CLANG_CXX_LANGUAGE_STANDARD = "gnu++0x";
				CLANG_CXX_LIBRARY = "libc++";
				CLANG_ENABLE_MODULES = YES;
				CLANG_ENABLE_OBJC_ARC = YES;
				CLANG_WARN_BOOL_CONVERSION = YES;
				CLANG_WARN_CONSTANT_CONVERSION = YES;
				CLANG_WARN_DIRECT_OBJC_ISA_USAGE = YES_ERROR;
				CLANG_WARN_DOCUMENTATION_COMMENTS = YES;
				CLANG_WARN_EMPTY_BODY = YES;
				CLANG_WARN_ENUM_CONVERSION = YES;
				CLANG_WARN_INFINITE_RECURSION = YES;
				CLANG_WARN_INT_CONVERSION = YES;
				CLANG_WARN_OBJC_ROOT_CLASS = YES_ERROR;
				CLANG_WARN_SUSPICIOUS_MOVE = YES;
				CLANG_WARN_UNREACHABLE_CODE = YES;
				CLANG_WARN__DUPLICATE_METHOD_MATCH = YES;
				"CODE_SIGN_IDENTITY[sdk=iphoneos*]" = "iPhone Developer";
				COPY_PHASE_STRIP = NO;
				DEBUG_INFORMATION_FORMAT = dwarf;
				ENABLE_STRICT_OBJC_MSGSEND = YES;
				ENABLE_TESTABILITY = YES;
				GCC_C_LANGUAGE_STANDARD = gnu99;
				GCC_DYNAMIC_NO_PIC = NO;
				GCC_NO_COMMON_BLOCKS = YES;
				GCC_OPTIMIZATION_LEVEL = 0;
				GCC_PREPROCESSOR_DEFINITIONS = (
					"DEBUG=1",
					"$(inherited)",
				);
				GCC_WARN_64_TO_32_BIT_CONVERSION = YES;
				GCC_WARN_ABOUT_RETURN_TYPE = YES_ERROR;
				GCC_WARN_UNDECLARED_SELECTOR = YES;
				GCC_WARN_UNINITIALIZED_AUTOS = YES_AGGRESSIVE;
				GCC_WARN_UNUSED_FUNCTION = YES;
				GCC_WARN_UNUSED_VARIABLE = YES;
				IPHONEOS_DEPLOYMENT_TARGET = 10.3;
				MTL_ENABLE_DEBUG_INFO = YES;
				ONLY_ACTIVE_ARCH = YES;
				SDKROOT = iphoneos;
				SWIFT_ACTIVE_COMPILATION_CONDITIONS = DEBUG;
				SWIFT_OPTIMIZATION_LEVEL = "-Onone";
			};
			name = Debug;
		};
		613913691ECB2B48001390BD /* Release */ = {
			isa = XCBuildConfiguration;
			buildSettings = {
				ALWAYS_SEARCH_USER_PATHS = NO;
				CLANG_ANALYZER_NONNULL = YES;
				CLANG_ANALYZER_NUMBER_OBJECT_CONVERSION = YES_AGGRESSIVE;
				CLANG_CXX_LANGUAGE_STANDARD = "gnu++0x";
				CLANG_CXX_LIBRARY = "libc++";
				CLANG_ENABLE_MODULES = YES;
				CLANG_ENABLE_OBJC_ARC = YES;
				CLANG_WARN_BOOL_CONVERSION = YES;
				CLANG_WARN_CONSTANT_CONVERSION = YES;
				CLANG_WARN_DIRECT_OBJC_ISA_USAGE = YES_ERROR;
				CLANG_WARN_DOCUMENTATION_COMMENTS = YES;
				CLANG_WARN_EMPTY_BODY = YES;
				CLANG_WARN_ENUM_CONVERSION = YES;
				CLANG_WARN_INFINITE_RECURSION = YES;
				CLANG_WARN_INT_CONVERSION = YES;
				CLANG_WARN_OBJC_ROOT_CLASS = YES_ERROR;
				CLANG_WARN_SUSPICIOUS_MOVE = YES;
				CLANG_WARN_UNREACHABLE_CODE = YES;
				CLANG_WARN__DUPLICATE_METHOD_MATCH = YES;
				"CODE_SIGN_IDENTITY[sdk=iphoneos*]" = "iPhone Developer";
				COPY_PHASE_STRIP = NO;
				DEBUG_INFORMATION_FORMAT = "dwarf-with-dsym";
				ENABLE_NS_ASSERTIONS = NO;
				ENABLE_STRICT_OBJC_MSGSEND = YES;
				GCC_C_LANGUAGE_STANDARD = gnu99;
				GCC_NO_COMMON_BLOCKS = YES;
				GCC_WARN_64_TO_32_BIT_CONVERSION = YES;
				GCC_WARN_ABOUT_RETURN_TYPE = YES_ERROR;
				GCC_WARN_UNDECLARED_SELECTOR = YES;
				GCC_WARN_UNINITIALIZED_AUTOS = YES_AGGRESSIVE;
				GCC_WARN_UNUSED_FUNCTION = YES;
				GCC_WARN_UNUSED_VARIABLE = YES;
				IPHONEOS_DEPLOYMENT_TARGET = 10.3;
				MTL_ENABLE_DEBUG_INFO = NO;
				SDKROOT = iphoneos;
				SWIFT_OPTIMIZATION_LEVEL = "-Owholemodule";
				VALIDATE_PRODUCT = YES;
			};
			name = Release;
		};
		6139136B1ECB2B48001390BD /* Debug */ = {
			isa = XCBuildConfiguration;
			buildSettings = {
				ASSETCATALOG_COMPILER_APPICON_NAME = AppIcon;
				INFOPLIST_FILE = "Dog Years/Info.plist";
				LD_RUNPATH_SEARCH_PATHS = "$(inherited) @executable_path/Frameworks";
				PRODUCT_BUNDLE_IDENTIFIER = "com.wesleyreisz.com.Dog-Years";
				PRODUCT_NAME = "$(TARGET_NAME)";
				SWIFT_VERSION = 3.0;
			};
			name = Debug;
		};
		6139136C1ECB2B48001390BD /* Release */ = {
			isa = XCBuildConfiguration;
			buildSettings = {
				ASSETCATALOG_COMPILER_APPICON_NAME = AppIcon;
				INFOPLIST_FILE = "Dog Years/Info.plist";
				LD_RUNPATH_SEARCH_PATHS = "$(inherited) @executable_path/Frameworks";
				PRODUCT_BUNDLE_IDENTIFIER = "com.wesleyreisz.com.Dog-Years";
				PRODUCT_NAME = "$(TARGET_NAME)";
				SWIFT_VERSION = 3.0;
			};
			name = Release;
		};
/* End XCBuildConfiguration section */

/* Begin XCConfigurationList section */
		613913531ECB2B48001390BD /* Build configuration list for PBXProject "Dog Years" */ = {
			isa = XCConfigurationList;
			buildConfigurations = (
				613913681ECB2B48001390BD /* Debug */,
				613913691ECB2B48001390BD /* Release */,
			);
			defaultConfigurationIsVisible = 0;
			defaultConfigurationName = Release;
		};
		6139136A1ECB2B48001390BD /* Build configuration list for PBXNativeTarget "Dog Years" */ = {
			isa = XCConfigurationList;
			buildConfigurations = (
				6139136B1ECB2B48001390BD /* Debug */,
				6139136C1ECB2B48001390BD /* Release */,
			);
			defaultConfigurationIsVisible = 0;
		};
/* End XCConfigurationList section */
	};
	rootObject = 613913501ECB2B48001390BD /* Project object */;
}
