// !$*UTF8*$!
{
	archiveVersion = 1;
	classes = {
	};
	objectVersion = 46;
	objects = {

/* Begin PBXBuildFile section */
		614C95261ECF35DC00AABB93 /* AppDelegate.swift in Sources */ = {isa = PBXBuildFile; fileRef = 614C95251ECF35DC00AABB93 /* AppDelegate.swift */; };
		614C95281ECF35DC00AABB93 /* ViewController.swift in Sources */ = {isa = PBXBuildFile; fileRef = 614C95271ECF35DC00AABB93 /* ViewController.swift */; };
		614C952B1ECF35DD00AABB93 /* Main.storyboard in Resources */ = {isa = PBXBuildFile; fileRef = 614C95291ECF35DD00AABB93 /* Main.storyboard */; };
		614C952D1ECF35DD00AABB93 /* Assets.xcassets in Resources */ = {isa = PBXBuildFile; fileRef = 614C952C1ECF35DD00AABB93 /* Assets.xcassets */; };
		614C95301ECF35DD00AABB93 /* LaunchScreen.storyboard in Resources */ = {isa = PBXBuildFile; fileRef = 614C952E1ECF35DD00AABB93 /* LaunchScreen.storyboard */; };
		614C95381ECF383500AABB93 /* thumbsUpAndDown.png in Resources */ = {isa = PBXBuildFile; fileRef = 614C95371ECF383500AABB93 /* thumbsUpAndDown.png */; };
		614C953A1ECF383C00AABB93 /* thumbsDown.png in Resources */ = {isa = PBXBuildFile; fileRef = 614C95391ECF383C00AABB93 /* thumbsDown.png */; };
		614C953C1ECF384800AABB93 /* thumbsUp.png in Resources */ = {isa = PBXBuildFile; fileRef = 614C953B1ECF384800AABB93 /* thumbsUp.png */; };
/* End PBXBuildFile section */

/* Begin PBXFileReference section */
		614C95221ECF35DC00AABB93 /* How Many Fingers.app */ = {isa = PBXFileReference; explicitFileType = wrapper.application; includeInIndex = 0; path = "How Many Fingers.app"; sourceTree = BUILT_PRODUCTS_DIR; };
		614C95251ECF35DC00AABB93 /* AppDelegate.swift */ = {isa = PBXFileReference; lastKnownFileType = sourcecode.swift; path = AppDelegate.swift; sourceTree = "<group>"; };
		614C95271ECF35DC00AABB93 /* ViewController.swift */ = {isa = PBXFileReference; lastKnownFileType = sourcecode.swift; path = ViewController.swift; sourceTree = "<group>"; };
		614C952A1ECF35DD00AABB93 /* Base */ = {isa = PBXFileReference; lastKnownFileType = file.storyboard; name = Base; path = Base.lproj/Main.storyboard; sourceTree = "<group>"; };
		614C952C1ECF35DD00AABB93 /* Assets.xcassets */ = {isa = PBXFileReference; lastKnownFileType = folder.assetcatalog; path = Assets.xcassets; sourceTree = "<group>"; };
		614C952F1ECF35DD00AABB93 /* Base */ = {isa = PBXFileReference; lastKnownFileType = file.storyboard; name = Base; path = Base.lproj/LaunchScreen.storyboard; sourceTree = "<group>"; };
		614C95311ECF35DD00AABB93 /* Info.plist */ = {isa = PBXFileReference; lastKnownFileType = text.plist.xml; path = Info.plist; sourceTree = "<group>"; };
		614C95371ECF383500AABB93 /* thumbsUpAndDown.png */ = {isa = PBXFileReference; lastKnownFileType = image.png; path = thumbsUpAndDown.png; sourceTree = "<group>"; };
		614C95391ECF383C00AABB93 /* thumbsDown.png */ = {isa = PBXFileReference; lastKnownFileType = image.png; path = thumbsDown.png; sourceTree = "<group>"; };
		614C953B1ECF384800AABB93 /* thumbsUp.png */ = {isa = PBXFileReference; lastKnownFileType = image.png; path = thumbsUp.png; sourceTree = "<group>"; };
/* End PBXFileReference section */

/* Begin PBXFrameworksBuildPhase section */
		614C951F1ECF35DC00AABB93 /* Frameworks */ = {
			isa = PBXFrameworksBuildPhase;
			buildActionMask = 2147483647;
			files = (
			);
			runOnlyForDeploymentPostprocessing = 0;
		};
/* End PBXFrameworksBuildPhase section */

/* Begin PBXGroup section */
		614C95191ECF35DC00AABB93 = {
			isa = PBXGroup;
			children = (
				614C95241ECF35DC00AABB93 /* How Many Fingers */,
				614C95231ECF35DC00AABB93 /* Products */,
			);
			sourceTree = "<group>";
		};
		614C95231ECF35DC00AABB93 /* Products */ = {
			isa = PBXGroup;
			children = (
				614C95221ECF35DC00AABB93 /* How Many Fingers.app */,
			);
			name = Products;
			sourceTree = "<group>";
		};
		614C95241ECF35DC00AABB93 /* How Many Fingers */ = {
			isa = PBXGroup;
			children = (
				614C95371ECF383500AABB93 /* thumbsUpAndDown.png */,
				614C95391ECF383C00AABB93 /* thumbsDown.png */,
				614C95251ECF35DC00AABB93 /* AppDelegate.swift */,
				614C95271ECF35DC00AABB93 /* ViewController.swift */,
				614C953B1ECF384800AABB93 /* thumbsUp.png */,
				614C95291ECF35DD00AABB93 /* Main.storyboard */,
				614C952C1ECF35DD00AABB93 /* Assets.xcassets */,
				614C952E1ECF35DD00AABB93 /* LaunchScreen.storyboard */,
				614C95311ECF35DD00AABB93 /* Info.plist */,
			);
			path = "How Many Fingers";
			sourceTree = "<group>";
		};
/* End PBXGroup section */

/* Begin PBXNativeTarget section */
		614C95211ECF35DC00AABB93 /* How Many Fingers */ = {
			isa = PBXNativeTarget;
			buildConfigurationList = 614C95341ECF35DD00AABB93 /* Build configuration list for PBXNativeTarget "How Many Fingers" */;
			buildPhases = (
				614C951E1ECF35DC00AABB93 /* Sources */,
				614C951F1ECF35DC00AABB93 /* Frameworks */,
				614C95201ECF35DC00AABB93 /* Resources */,
			);
			buildRules = (
			);
			dependencies = (
			);
			name = "How Many Fingers";
			productName = "How Many Fingers";
			productReference = 614C95221ECF35DC00AABB93 /* How Many Fingers.app */;
			productType = "com.apple.product-type.application";
		};
/* End PBXNativeTarget section */

/* Begin PBXProject section */
		614C951A1ECF35DC00AABB93 /* Project object */ = {
			isa = PBXProject;
			attributes = {
				LastSwiftUpdateCheck = 0830;
				LastUpgradeCheck = 0830;
				ORGANIZATIONNAME = "Wesley Reisz";
				TargetAttributes = {
					614C95211ECF35DC00AABB93 = {
						CreatedOnToolsVersion = 8.3;
						ProvisioningStyle = Automatic;
					};
				};
			};
			buildConfigurationList = 614C951D1ECF35DC00AABB93 /* Build configuration list for PBXProject "How Many Fingers" */;
			compatibilityVersion = "Xcode 3.2";
			developmentRegion = English;
			hasScannedForEncodings = 0;
			knownRegions = (
				en,
				Base,
			);
			mainGroup = 614C95191ECF35DC00AABB93;
			productRefGroup = 614C95231ECF35DC00AABB93 /* Products */;
			projectDirPath = "";
			projectRoot = "";
			targets = (
				614C95211ECF35DC00AABB93 /* How Many Fingers */,
			);
		};
/* End PBXProject section */

/* Begin PBXResourcesBuildPhase section */
		614C95201ECF35DC00AABB93 /* Resources */ = {
			isa = PBXResourcesBuildPhase;
			buildActionMask = 2147483647;
			files = (
				614C95301ECF35DD00AABB93 /* LaunchScreen.storyboard in Resources */,
				614C953C1ECF384800AABB93 /* thumbsUp.png in Resources */,
				614C953A1ECF383C00AABB93 /* thumbsDown.png in Resources */,
				614C95381ECF383500AABB93 /* thumbsUpAndDown.png in Resources */,
				614C952D1ECF35DD00AABB93 /* Assets.xcassets in Resources */,
				614C952B1ECF35DD00AABB93 /* Main.storyboard in Resources */,
			);
			runOnlyForDeploymentPostprocessing = 0;
		};
/* End PBXResourcesBuildPhase section */

/* Begin PBXSourcesBuildPhase section */
		614C951E1ECF35DC00AABB93 /* Sources */ = {
			isa = PBXSourcesBuildPhase;
			buildActionMask = 2147483647;
			files = (
				614C95281ECF35DC00AABB93 /* ViewController.swift in Sources */,
				614C95261ECF35DC00AABB93 /* AppDelegate.swift in Sources */,
			);
			runOnlyForDeploymentPostprocessing = 0;
		};
/* End PBXSourcesBuildPhase section */

/* Begin PBXVariantGroup section */
		614C95291ECF35DD00AABB93 /* Main.storyboard */ = {
			isa = PBXVariantGroup;
			children = (
				614C952A1ECF35DD00AABB93 /* Base */,
			);
			name = Main.storyboard;
			sourceTree = "<group>";
		};
		614C952E1ECF35DD00AABB93 /* LaunchScreen.storyboard */ = {
			isa = PBXVariantGroup;
			children = (
				614C952F1ECF35DD00AABB93 /* Base */,
			);
			name = LaunchScreen.storyboard;
			sourceTree = "<group>";
		};
/* End PBXVariantGroup section */

/* Begin XCBuildConfiguration section */
		614C95321ECF35DD00AABB93 /* Debug */ = {
			isa = XCBuildConfiguration;
			buildSettings = {
				ALWAYS_SEARCH_USER_PATHS = NO;
				CLANG_ANALYZER_NONNULL = YES;
				CLANG_ANALYZER_NUMBER_OBJECT_CONVERSION = YES_AGGRESSIVE;
				CLANG_CXX_LANGUAGE_STANDARD = "gnu++0x";
				CLANG_CXX_LIBRARY = "libc++";
				CLANG_ENABLE_MODULES = YES;
				CLANG_ENABLE_OBJC_ARC = YES;
				CLANG_WARN_BOOL_CONVERSION = YES;
				CLANG_WARN_CONSTANT_CONVERSION = YES;
				CLANG_WARN_DIRECT_OBJC_ISA_USAGE = YES_ERROR;
				CLANG_WARN_DOCUMENTATION_COMMENTS = YES;
				CLANG_WARN_EMPTY_BODY = YES;
				CLANG_WARN_ENUM_CONVERSION = YES;
				CLANG_WARN_INFINITE_RECURSION = YES;
				CLANG_WARN_INT_CONVERSION = YES;
				CLANG_WARN_OBJC_ROOT_CLASS = YES_ERROR;
				CLANG_WARN_SUSPICIOUS_MOVE = YES;
				CLANG_WARN_UNREACHABLE_CODE = YES;
				CLANG_WARN__DUPLICATE_METHOD_MATCH = YES;
				"CODE_SIGN_IDENTITY[sdk=iphoneos*]" = "iPhone Developer";
				COPY_PHASE_STRIP = NO;
				DEBUG_INFORMATION_FORMAT = dwarf;
				ENABLE_STRICT_OBJC_MSGSEND = YES;
				ENABLE_TESTABILITY = YES;
				GCC_C_LANGUAGE_STANDARD = gnu99;
				GCC_DYNAMIC_NO_PIC = NO;
				GCC_NO_COMMON_BLOCKS = YES;
				GCC_OPTIMIZATION_LEVEL = 0;
				GCC_PREPROCESSOR_DEFINITIONS = (
					"DEBUG=1",
					"$(inherited)",
				);
				GCC_WARN_64_TO_32_BIT_CONVERSION = YES;
				GCC_WARN_ABOUT_RETURN_TYPE = YES_ERROR;
				GCC_WARN_UNDECLARED_SELECTOR = YES;
				GCC_WARN_UNINITIALIZED_AUTOS = YES_AGGRESSIVE;
				GCC_WARN_UNUSED_FUNCTION = YES;
				GCC_WARN_UNUSED_VARIABLE = YES;
				IPHONEOS_DEPLOYMENT_TARGET = 10.3;
				MTL_ENABLE_DEBUG_INFO = YES;
				ONLY_ACTIVE_ARCH = YES;
				SDKROOT = iphoneos;
				SWIFT_ACTIVE_COMPILATION_CONDITIONS = DEBUG;
				SWIFT_OPTIMIZATION_LEVEL = "-Onone";
			};
			name = Debug;
		};
		614C95331ECF35DD00AABB93 /* Release */ = {
			isa = XCBuildConfiguration;
			buildSettings = {
				ALWAYS_SEARCH_USER_PATHS = NO;
				CLANG_ANALYZER_NONNULL = YES;
				CLANG_ANALYZER_NUMBER_OBJECT_CONVERSION = YES_AGGRESSIVE;
				CLANG_CXX_LANGUAGE_STANDARD = "gnu++0x";
				CLANG_CXX_LIBRARY = "libc++";
				CLANG_ENABLE_MODULES = YES;
				CLANG_ENABLE_OBJC_ARC = YES;
				CLANG_WARN_BOOL_CONVERSION = YES;
				CLANG_WARN_CONSTANT_CONVERSION = YES;
				CLANG_WARN_DIRECT_OBJC_ISA_USAGE = YES_ERROR;
				CLANG_WARN_DOCUMENTATION_COMMENTS = YES;
				CLANG_WARN_EMPTY_BODY = YES;
				CLANG_WARN_ENUM_CONVERSION = YES;
				CLANG_WARN_INFINITE_RECURSION = YES;
				CLANG_WARN_INT_CONVERSION = YES;
				CLANG_WARN_OBJC_ROOT_CLASS = YES_ERROR;
				CLANG_WARN_SUSPICIOUS_MOVE = YES;
				CLANG_WARN_UNREACHABLE_CODE = YES;
				CLANG_WARN__DUPLICATE_METHOD_MATCH = YES;
				"CODE_SIGN_IDENTITY[sdk=iphoneos*]" = "iPhone Developer";
				COPY_PHASE_STRIP = NO;
				DEBUG_INFORMATION_FORMAT = "dwarf-with-dsym";
				ENABLE_NS_ASSERTIONS = NO;
				ENABLE_STRICT_OBJC_MSGSEND = YES;
				GCC_C_LANGUAGE_STANDARD = gnu99;
				GCC_NO_COMMON_BLOCKS = YES;
				GCC_WARN_64_TO_32_BIT_CONVERSION = YES;
				GCC_WARN_ABOUT_RETURN_TYPE = YES_ERROR;
				GCC_WARN_UNDECLARED_SELECTOR = YES;
				GCC_WARN_UNINITIALIZED_AUTOS = YES_AGGRESSIVE;
				GCC_WARN_UNUSED_FUNCTION = YES;
				GCC_WARN_UNUSED_VARIABLE = YES;
				IPHONEOS_DEPLOYMENT_TARGET = 10.3;
				MTL_ENABLE_DEBUG_INFO = NO;
				SDKROOT = iphoneos;
				SWIFT_OPTIMIZATION_LEVEL = "-Owholemodule";
				VALIDATE_PRODUCT = YES;
			};
			name = Release;
		};
		614C95351ECF35DD00AABB93 /* Debug */ = {
			isa = XCBuildConfiguration;
			buildSettings = {
				ASSETCATALOG_COMPILER_APPICON_NAME = AppIcon;
				INFOPLIST_FILE = "How Many Fingers/Info.plist";
				LD_RUNPATH_SEARCH_PATHS = "$(inherited) @executable_path/Frameworks";
				PRODUCT_BUNDLE_IDENTIFIER = "com.wesleyreisz.com.How-Many-Fingers";
				PRODUCT_NAME = "$(TARGET_NAME)";
				SWIFT_VERSION = 3.0;
			};
			name = Debug;
		};
		614C95361ECF35DD00AABB93 /* Release */ = {
			isa = XCBuildConfiguration;
			buildSettings = {
				ASSETCATALOG_COMPILER_APPICON_NAME = AppIcon;
				INFOPLIST_FILE = "How Many Fingers/Info.plist";
				LD_RUNPATH_SEARCH_PATHS = "$(inherited) @executable_path/Frameworks";
				PRODUCT_BUNDLE_IDENTIFIER = "com.wesleyreisz.com.How-Many-Fingers";
				PRODUCT_NAME = "$(TARGET_NAME)";
				SWIFT_VERSION = 3.0;
			};
			name = Release;
		};
/* End XCBuildConfiguration section */

/* Begin XCConfigurationList section */
		614C951D1ECF35DC00AABB93 /* Build configuration list for PBXProject "How Many Fingers" */ = {
			isa = XCConfigurationList;
			buildConfigurations = (
				614C95321ECF35DD00AABB93 /* Debug */,
				614C95331ECF35DD00AABB93 /* Release */,
			);
			defaultConfigurationIsVisible = 0;
			defaultConfigurationName = Release;
		};
		614C95341ECF35DD00AABB93 /* Build configuration list for PBXNativeTarget "How Many Fingers" */ = {
			isa = XCConfigurationList;
			buildConfigurations = (
				614C95351ECF35DD00AABB93 /* Debug */,
				614C95361ECF35DD00AABB93 /* Release */,
			);
			defaultConfigurationIsVisible = 0;
		};
/* End XCConfigurationList section */
	};
	rootObject = 614C951A1ECF35DC00AABB93 /* Project object */;
}
